
Microsoft Visual Studio Solution File, Format Version 12.00
# Visual Studio Version 17
VisualStudioVersion = 17.10.35013.160
MinimumVisualStudioVersion = 10.0.40219.1
Project("{FAE04EC0-301F-11D3-BF4B-00C04F79EFBC}") = "backend", "backend.csproj", "{8E804881-C4DA-4259-B4B3-BB172E587615}"
EndProject
Global
	GlobalSection(SolutionConfigurationPlatforms) = preSolution
		Debug|Any CPU = Debug|Any CPU
		Release|Any CPU = Release|Any CPU
	EndGlobalSection
	GlobalSection(ProjectConfigurationPlatforms) = postSolution
		{8E804881-C4DA-4259-B4B3-BB172E587615}.Debug|Any CPU.ActiveCfg = Debug|Any CPU
		{8E804881-C4DA-4259-B4B3-BB172E587615}.Debug|Any CPU.Build.0 = Debug|Any CPU
		{8E804881-C4DA-4259-B4B3-BB172E587615}.Release|Any CPU.ActiveCfg = Release|Any CPU
		{8E804881-C4DA-4259-B4B3-BB172E587615}.Release|Any CPU.Build.0 = Release|Any CPU
	EndGlobalSection
	GlobalSection(SolutionProperties) = preSolution
		HideSolutionNode = FALSE
	EndGlobalSection
	GlobalSection(ExtensibilityGlobals) = postSolution
		SolutionGuid = {DC655658-AAEA-42CB-9360-14C667FB8E07}
	EndGlobalSection
EndGlobal
